
Microsoft Visual Studio Solution File, Format Version 12.00
# Visual Studio Version 17
VisualStudioVersion = 17.13.35818.85
MinimumVisualStudioVersion = 10.0.40219.1
Project("{FAE04EC0-301F-11D3-BF4B-00C04F79EFBC}") = "SneakerX", "SneakerX\SneakerX.csproj", "{C6D5B88C-BFEE-4AEB-AEC5-9083371942A5}"
EndProject
Project("{FAE04EC0-301F-11D3-BF4B-00C04F79EFBC}") = "Negocio", "Negocio\Negocio.csproj", "{31E46CC3-E711-4C37-A8B0-4E745FA02DC6}"
EndProject
Project("{FAE04EC0-301F-11D3-BF4B-00C04F79EFBC}") = "Datos", "Datos\Datos.csproj", "{8D60D40C-26EF-477E-B958-FFBB3A3D9A3A}"
EndProject
Global
	GlobalSection(SolutionConfigurationPlatforms) = preSolution
		Debug|Any CPU = Debug|Any CPU
		Release|Any CPU = Release|Any CPU
	EndGlobalSection
	GlobalSection(ProjectConfigurationPlatforms) = postSolution
		{C6D5B88C-BFEE-4AEB-AEC5-9083371942A5}.Debug|Any CPU.ActiveCfg = Debug|Any CPU
		{C6D5B88C-BFEE-4AEB-AEC5-9083371942A5}.Debug|Any CPU.Build.0 = Debug|Any CPU
		{C6D5B88C-BFEE-4AEB-AEC5-9083371942A5}.Release|Any CPU.ActiveCfg = Release|Any CPU
		{C6D5B88C-BFEE-4AEB-AEC5-9083371942A5}.Release|Any CPU.Build.0 = Release|Any CPU
		{31E46CC3-E711-4C37-A8B0-4E745FA02DC6}.Debug|Any CPU.ActiveCfg = Debug|Any CPU
		{31E46CC3-E711-4C37-A8B0-4E745FA02DC6}.Debug|Any CPU.Build.0 = Debug|Any CPU
		{31E46CC3-E711-4C37-A8B0-4E745FA02DC6}.Release|Any CPU.ActiveCfg = Release|Any CPU
		{31E46CC3-E711-4C37-A8B0-4E745FA02DC6}.Release|Any CPU.Build.0 = Release|Any CPU
		{8D60D40C-26EF-477E-B958-FFBB3A3D9A3A}.Debug|Any CPU.ActiveCfg = Debug|Any CPU
		{8D60D40C-26EF-477E-B958-FFBB3A3D9A3A}.Debug|Any CPU.Build.0 = Debug|Any CPU
		{8D60D40C-26EF-477E-B958-FFBB3A3D9A3A}.Release|Any CPU.ActiveCfg = Release|Any CPU
		{8D60D40C-26EF-477E-B958-FFBB3A3D9A3A}.Release|Any CPU.Build.0 = Release|Any CPU
	EndGlobalSection
	GlobalSection(SolutionProperties) = preSolution
		HideSolutionNode = FALSE
	EndGlobalSection
	GlobalSection(ExtensibilityGlobals) = postSolution
		SolutionGuid = {32DA653F-0117-474E-A738-3B78C7402803}
	EndGlobalSection
EndGlobal
